
Microsoft Visual Studio Solution File, Format Version 12.00
# Visual Studio Version 17
VisualStudioVersion = 17.0.31903.59
MinimumVisualStudioVersion = 10.0.40219.1
Project("{FAE04EC0-301F-11D3-BF4B-00C04F79EFBC}") = "PortalServices", "PortalServices\PortalServices.csproj", "{FA35B2E9-9BF4-47B5-B3AE-2D7E557E1792}"
EndProject
Project("{FAE04EC0-301F-11D3-BF4B-00C04F79EFBC}") = "PortalEngine", "PortalEngine\PortalEngine.csproj", "{A1821C3D-1706-46D7-83F8-0A96F2D3B070}"
EndProject
Project("{FAE04EC0-301F-11D3-BF4B-00C04F79EFBC}") = "CommonLogging", "CommonLogging\CommonLogging.csproj", "{FD0AE0C8-0522-42F0-998F-F1C6A6EBB2B4}"
EndProject
Project("{FAE04EC0-301F-11D3-BF4B-00C04F79EFBC}") = "PortalClient", "PortalClient\PortalClient.csproj", "{7A79D9AE-26EB-45A8-AB09-CB308EE8F9F8}"
EndProject
Project("{930C7802-8A8C-48F9-8165-68863BCCD9DD}") = "PortalServicesInstaller", "Installer\PortalServicesInstaller.wixproj", "{D3B5D89F-8BB9-4EAB-8A87-5B8F0C5D5E5A}"
EndProject
Global
	GlobalSection(SolutionConfigurationPlatforms) = preSolution
		Debug|Any CPU = Debug|Any CPU
		Debug|x64 = Debug|x64
		Debug|x86 = Debug|x86
		Release|Any CPU = Release|Any CPU
		Release|x64 = Release|x64
		Release|x86 = Release|x86
	EndGlobalSection
	GlobalSection(ProjectConfigurationPlatforms) = postSolution
		{FA35B2E9-9BF4-47B5-B3AE-2D7E557E1792}.Debug|Any CPU.ActiveCfg = Debug|Any CPU
		{FA35B2E9-9BF4-47B5-B3AE-2D7E557E1792}.Debug|Any CPU.Build.0 = Debug|Any CPU
		{FA35B2E9-9BF4-47B5-B3AE-2D7E557E1792}.Debug|x64.ActiveCfg = Debug|Any CPU
		{FA35B2E9-9BF4-47B5-B3AE-2D7E557E1792}.Debug|x64.Build.0 = Debug|Any CPU
		{FA35B2E9-9BF4-47B5-B3AE-2D7E557E1792}.Debug|x86.ActiveCfg = Debug|Any CPU
		{FA35B2E9-9BF4-47B5-B3AE-2D7E557E1792}.Debug|x86.Build.0 = Debug|Any CPU
		{FA35B2E9-9BF4-47B5-B3AE-2D7E557E1792}.Release|Any CPU.ActiveCfg = Release|Any CPU
		{FA35B2E9-9BF4-47B5-B3AE-2D7E557E1792}.Release|Any CPU.Build.0 = Release|Any CPU
		{FA35B2E9-9BF4-47B5-B3AE-2D7E557E1792}.Release|x64.ActiveCfg = Release|Any CPU
		{FA35B2E9-9BF4-47B5-B3AE-2D7E557E1792}.Release|x64.Build.0 = Release|Any CPU
		{FA35B2E9-9BF4-47B5-B3AE-2D7E557E1792}.Release|x86.ActiveCfg = Release|Any CPU
		{FA35B2E9-9BF4-47B5-B3AE-2D7E557E1792}.Release|x86.Build.0 = Release|Any CPU
		{A1821C3D-1706-46D7-83F8-0A96F2D3B070}.Debug|Any CPU.ActiveCfg = Debug|Any CPU
		{A1821C3D-1706-46D7-83F8-0A96F2D3B070}.Debug|Any CPU.Build.0 = Debug|Any CPU
		{A1821C3D-1706-46D7-83F8-0A96F2D3B070}.Debug|x64.ActiveCfg = Debug|Any CPU
		{A1821C3D-1706-46D7-83F8-0A96F2D3B070}.Debug|x64.Build.0 = Debug|Any CPU
		{A1821C3D-1706-46D7-83F8-0A96F2D3B070}.Debug|x86.ActiveCfg = Debug|Any CPU
		{A1821C3D-1706-46D7-83F8-0A96F2D3B070}.Debug|x86.Build.0 = Debug|Any CPU
		{A1821C3D-1706-46D7-83F8-0A96F2D3B070}.Release|Any CPU.ActiveCfg = Release|Any CPU
		{A1821C3D-1706-46D7-83F8-0A96F2D3B070}.Release|Any CPU.Build.0 = Release|Any CPU
		{A1821C3D-1706-46D7-83F8-0A96F2D3B070}.Release|x64.ActiveCfg = Release|Any CPU
		{A1821C3D-1706-46D7-83F8-0A96F2D3B070}.Release|x64.Build.0 = Release|Any CPU
		{A1821C3D-1706-46D7-83F8-0A96F2D3B070}.Release|x86.ActiveCfg = Release|Any CPU
		{A1821C3D-1706-46D7-83F8-0A96F2D3B070}.Release|x86.Build.0 = Release|Any CPU
		{FD0AE0C8-0522-42F0-998F-F1C6A6EBB2B4}.Debug|Any CPU.ActiveCfg = Debug|Any CPU
		{FD0AE0C8-0522-42F0-998F-F1C6A6EBB2B4}.Debug|Any CPU.Build.0 = Debug|Any CPU
		{FD0AE0C8-0522-42F0-998F-F1C6A6EBB2B4}.Debug|x64.ActiveCfg = Debug|Any CPU
		{FD0AE0C8-0522-42F0-998F-F1C6A6EBB2B4}.Debug|x64.Build.0 = Debug|Any CPU
		{FD0AE0C8-0522-42F0-998F-F1C6A6EBB2B4}.Debug|x86.ActiveCfg = Debug|Any CPU
		{FD0AE0C8-0522-42F0-998F-F1C6A6EBB2B4}.Debug|x86.Build.0 = Debug|Any CPU
		{FD0AE0C8-0522-42F0-998F-F1C6A6EBB2B4}.Release|Any CPU.ActiveCfg = Release|Any CPU
		{FD0AE0C8-0522-42F0-998F-F1C6A6EBB2B4}.Release|Any CPU.Build.0 = Release|Any CPU
		{FD0AE0C8-0522-42F0-998F-F1C6A6EBB2B4}.Release|x64.ActiveCfg = Release|Any CPU
		{FD0AE0C8-0522-42F0-998F-F1C6A6EBB2B4}.Release|x64.Build.0 = Release|Any CPU
		{FD0AE0C8-0522-42F0-998F-F1C6A6EBB2B4}.Release|x86.ActiveCfg = Release|Any CPU
		{FD0AE0C8-0522-42F0-998F-F1C6A6EBB2B4}.Release|x86.Build.0 = Release|Any CPU
		{7A79D9AE-26EB-45A8-AB09-CB308EE8F9F8}.Debug|Any CPU.ActiveCfg = Debug|Any CPU
		{7A79D9AE-26EB-45A8-AB09-CB308EE8F9F8}.Debug|Any CPU.Build.0 = Debug|Any CPU
		{7A79D9AE-26EB-45A8-AB09-CB308EE8F9F8}.Debug|x64.ActiveCfg = Debug|Any CPU
		{7A79D9AE-26EB-45A8-AB09-CB308EE8F9F8}.Debug|x64.Build.0 = Debug|Any CPU
		{7A79D9AE-26EB-45A8-AB09-CB308EE8F9F8}.Debug|x86.ActiveCfg = Debug|Any CPU
		{7A79D9AE-26EB-45A8-AB09-CB308EE8F9F8}.Debug|x86.Build.0 = Debug|Any CPU
		{7A79D9AE-26EB-45A8-AB09-CB308EE8F9F8}.Release|Any CPU.ActiveCfg = Release|Any CPU
		{7A79D9AE-26EB-45A8-AB09-CB308EE8F9F8}.Release|Any CPU.Build.0 = Release|Any CPU
		{7A79D9AE-26EB-45A8-AB09-CB308EE8F9F8}.Release|x64.ActiveCfg = Release|Any CPU
		{7A79D9AE-26EB-45A8-AB09-CB308EE8F9F8}.Release|x64.Build.0 = Release|Any CPU
		{7A79D9AE-26EB-45A8-AB09-CB308EE8F9F8}.Release|x86.ActiveCfg = Release|Any CPU
		{7A79D9AE-26EB-45A8-AB09-CB308EE8F9F8}.Release|x86.Build.0 = Release|Any CPU
		{D3B5D89F-8BB9-4EAB-8A87-5B8F0C5D5E5A}.Debug|Any CPU.ActiveCfg = Debug|x86
		{D3B5D89F-8BB9-4EAB-8A87-5B8F0C5D5E5A}.Debug|Any CPU.Build.0 = Debug|x86
		{D3B5D89F-8BB9-4EAB-8A87-5B8F0C5D5E5A}.Debug|x64.ActiveCfg = Debug|x86
		{D3B5D89F-8BB9-4EAB-8A87-5B8F0C5D5E5A}.Debug|x64.Build.0 = Debug|x86
		{D3B5D89F-8BB9-4EAB-8A87-5B8F0C5D5E5A}.Debug|x86.ActiveCfg = Debug|x86
		{D3B5D89F-8BB9-4EAB-8A87-5B8F0C5D5E5A}.Debug|x86.Build.0 = Debug|x86
		{D3B5D89F-8BB9-4EAB-8A87-5B8F0C5D5E5A}.Release|Any CPU.ActiveCfg = Release|x86
		{D3B5D89F-8BB9-4EAB-8A87-5B8F0C5D5E5A}.Release|Any CPU.Build.0 = Release|x86
		{D3B5D89F-8BB9-4EAB-8A87-5B8F0C5D5E5A}.Release|x64.ActiveCfg = Release|x86
		{D3B5D89F-8BB9-4EAB-8A87-5B8F0C5D5E5A}.Release|x64.Build.0 = Release|x86
		{D3B5D89F-8BB9-4EAB-8A87-5B8F0C5D5E5A}.Release|x86.ActiveCfg = Release|x86
		{D3B5D89F-8BB9-4EAB-8A87-5B8F0C5D5E5A}.Release|x86.Build.0 = Release|x86
	EndGlobalSection
	GlobalSection(SolutionProperties) = preSolution
		HideSolutionNode = FALSE
	EndGlobalSection
	GlobalSection(ExtensibilityGlobals) = postSolution
		SolutionGuid = {4A60F8A5-2C86-4AB8-95C8-1D7C8C1F03C5}
	EndGlobalSection
EndGlobal
